
Microsoft Visual Studio Solution File, Format Version 12.00
# Visual Studio Version 17
VisualStudioVersion = 17.0.31903.59
MinimumVisualStudioVersion = 10.0.40219.1
Project("{F2A71F9B-5D33-465A-A702-920D77279786}") = "ArrayT", "Src\ArrayT.fsproj", "{A08FDD2F-98B4-4BEF-8840-8D10E156134A}"
EndProject
Project("{F2A71F9B-5D33-465A-A702-920D77279786}") = "Tests", "Tests\Tests.fsproj", "{1359CBAE-281C-4A16-9525-2E250CCF4012}"
EndProject
Global
	GlobalSection(SolutionConfigurationPlatforms) = preSolution
		Debug|Any CPU = Debug|Any CPU
		Release|Any CPU = Release|Any CPU
	EndGlobalSection
	GlobalSection(SolutionProperties) = preSolution
		HideSolutionNode = FALSE
	EndGlobalSection
	GlobalSection(ProjectConfigurationPlatforms) = postSolution
		{A08FDD2F-98B4-4BEF-8840-8D10E156134A}.Debug|Any CPU.ActiveCfg = Debug|Any CPU
		{A08FDD2F-98B4-4BEF-8840-8D10E156134A}.Debug|Any CPU.Build.0 = Debug|Any CPU
		{A08FDD2F-98B4-4BEF-8840-8D10E156134A}.Release|Any CPU.ActiveCfg = Release|Any CPU
		{A08FDD2F-98B4-4BEF-8840-8D10E156134A}.Release|Any CPU.Build.0 = Release|Any CPU
		{1359CBAE-281C-4A16-9525-2E250CCF4012}.Debug|Any CPU.ActiveCfg = Debug|Any CPU
		{1359CBAE-281C-4A16-9525-2E250CCF4012}.Debug|Any CPU.Build.0 = Debug|Any CPU
		{1359CBAE-281C-4A16-9525-2E250CCF4012}.Release|Any CPU.ActiveCfg = Release|Any CPU
		{1359CBAE-281C-4A16-9525-2E250CCF4012}.Release|Any CPU.Build.0 = Release|Any CPU
	EndGlobalSection
EndGlobal
